PODS:
  - SwiftyMarkdown (0.1.0)

DEPENDENCIES:
  - SwiftyMarkdown (from `../SwiftyMarkdown.podspec`)

EXTERNAL SOURCES:
  SwiftyMarkdown:
    :path: "../SwiftyMarkdown.podspec"

SPEC CHECKSUMS:
  SwiftyMarkdown: 3f73e45786420977306617c1e2e653c109c2612b

PODFILE CHECKSUM: 3908791533511e02bb1c28e2cd446102ee2cec05

COCOAPODS: 1.5.3
