PODS:
  - SwiftyMarkdown (0.1.0)

DEPENDENCIES:
  - SwiftyMarkdown (from `../SwiftyMarkdown.podspec`)

EXTERNAL SOURCES:
  SwiftyMarkdown:
    :path: "../SwiftyMarkdown.podspec"

SPEC CHECKSUMS:
  SwiftyMarkdown: 08752b116199a6fc3c4abe9d677810c4529162d0

PODFILE CHECKSUM: 3908791533511e02bb1c28e2cd446102ee2cec05

COCOAPODS: 1.5.3
